
Microsoft Visual Studio Solution File, Format Version 12.00
# Visual Studio Version 17
VisualStudioVersion = 17.12.35521.163
MinimumVisualStudioVersion = 10.0.40219.1
Project("{FAE04EC0-301F-11D3-BF4B-00C04F79EFBC}") = "LibraryManagement.WebAPI", "LibraryManagement.WebAPI\LibraryManagement.WebAPI.csproj", "{B855820F-7345-45EF-BE69-B3CD73B5B549}"
EndProject
Project("{FAE04EC0-301F-11D3-BF4B-00C04F79EFBC}") = "LibraryManagementAPI.Core", "LibraryManagementAPI.Core\LibraryManagementAPI.Core.csproj", "{C0E97546-D528-414A-9701-6510498079D5}"
EndProject
Project("{FAE04EC0-301F-11D3-BF4B-00C04F79EFBC}") = "LibraryManagementAPI.Data", "LibraryManagementAPI.Data\LibraryManagementAPI.Data.csproj", "{043AA1E8-E573-4371-B1FD-CD03D1D80F1A}"
EndProject
Project("{FAE04EC0-301F-11D3-BF4B-00C04F79EFBC}") = "LibraryManagementAPI.Service", "LibraryManagementAPI.Service\LibraryManagementAPI.Service.csproj", "{8B16703D-5DF1-4876-83B0-6574C0002A89}"
EndProject
 
Project("{2150E333-8FDC-42A3-9474-1A3956D46DE8}") = "Solution Items", "Solution Items", "{73153040-1676-4F91-A875-C49DD87A72B7}"
	ProjectSection(SolutionItems) = preProject
		Dockerfile = Dockerfile
	EndProjectSection
EndProject
Global
	GlobalSection(SolutionConfigurationPlatforms) = preSolution
		Debug|Any CPU = Debug|Any CPU
		Release|Any CPU = Release|Any CPU
	EndGlobalSection
	GlobalSection(ProjectConfigurationPlatforms) = postSolution
		{B855820F-7345-45EF-BE69-B3CD73B5B549}.Debug|Any CPU.ActiveCfg = Debug|Any CPU
		{B855820F-7345-45EF-BE69-B3CD73B5B549}.Debug|Any CPU.Build.0 = Debug|Any CPU
		{B855820F-7345-45EF-BE69-B3CD73B5B549}.Release|Any CPU.ActiveCfg = Release|Any CPU
		{B855820F-7345-45EF-BE69-B3CD73B5B549}.Release|Any CPU.Build.0 = Release|Any CPU
		{C0E97546-D528-414A-9701-6510498079D5}.Debug|Any CPU.ActiveCfg = Debug|Any CPU
		{C0E97546-D528-414A-9701-6510498079D5}.Debug|Any CPU.Build.0 = Debug|Any CPU
		{C0E97546-D528-414A-9701-6510498079D5}.Release|Any CPU.ActiveCfg = Release|Any CPU
		{C0E97546-D528-414A-9701-6510498079D5}.Release|Any CPU.Build.0 = Release|Any CPU
		{043AA1E8-E573-4371-B1FD-CD03D1D80F1A}.Debug|Any CPU.ActiveCfg = Debug|Any CPU
		{043AA1E8-E573-4371-B1FD-CD03D1D80F1A}.Debug|Any CPU.Build.0 = Debug|Any CPU
		{043AA1E8-E573-4371-B1FD-CD03D1D80F1A}.Release|Any CPU.ActiveCfg = Release|Any CPU
		{043AA1E8-E573-4371-B1FD-CD03D1D80F1A}.Release|Any CPU.Build.0 = Release|Any CPU
		{8B16703D-5DF1-4876-83B0-6574C0002A89}.Debug|Any CPU.ActiveCfg = Debug|Any CPU
		{8B16703D-5DF1-4876-83B0-6574C0002A89}.Debug|Any CPU.Build.0 = Debug|Any CPU
		{8B16703D-5DF1-4876-83B0-6574C0002A89}.Release|Any CPU.ActiveCfg = Release|Any CPU
		{8B16703D-5DF1-4876-83B0-6574C0002A89}.Release|Any CPU.Build.0 = Release|Any CPU
		{C2ABE082-8A15-48AA-8F2A-8EBCFEEB426D}.Debug|Any CPU.ActiveCfg = Debug|Any CPU
		{C2ABE082-8A15-48AA-8F2A-8EBCFEEB426D}.Debug|Any CPU.Build.0 = Debug|Any CPU
		{C2ABE082-8A15-48AA-8F2A-8EBCFEEB426D}.Release|Any CPU.ActiveCfg = Release|Any CPU
		{C2ABE082-8A15-48AA-8F2A-8EBCFEEB426D}.Release|Any CPU.Build.0 = Release|Any CPU
	EndGlobalSection
	GlobalSection(SolutionProperties) = preSolution
		HideSolutionNode = FALSE
	EndGlobalSection
EndGlobal
